
Microsoft Visual Studio Solution File, Format Version 12.00
# Visual Studio Version 17
VisualStudioVersion = 17.0.31410.414
MinimumVisualStudioVersion = 10.0.40219.1
Project("{2150E333-8FDC-42A3-9474-1A3956D46DE8}") = "src", "src", "{3DA6CDC0-04D9-49DB-881C-99101A524E9D}"
EndProject
Project("{2150E333-8FDC-42A3-9474-1A3956D46DE8}") = "test", "test", "{76D5EAE4-55D9-42C4-B827-2CD5DF04B85C}"
EndProject
Project("{2150E333-8FDC-42A3-9474-1A3956D46DE8}") = "API", "API", "{3A741F09-DB56-467D-925E-4577243044E0}"
EndProject
Project("{2150E333-8FDC-42A3-9474-1A3956D46DE8}") = "Core", "Core", "{85353622-32A5-4009-B191-FF93CBB4B5A8}"
EndProject
Project("{2150E333-8FDC-42A3-9474-1A3956D46DE8}") = "Infrastructure", "Infrastructure", "{9016FF43-5F03-411F-B027-0A4F4F17E7BC}"
EndProject
Project("{9A19103F-16F7-4668-BE54-9A1E7A4F7556}") = "MiniAzureDevops.ItemTable.Domain", "MiniAzureDevops.ItemTable.Domain\MiniAzureDevops.ItemTable.Domain.csproj", "{0C035AC3-F6D9-464B-BC0B-C413BB381C83}"
EndProject
Project("{9A19103F-16F7-4668-BE54-9A1E7A4F7556}") = "MiniAzureDevops.ItemTable.Application", "MiniAzureDevops.ItemTable.Application\MiniAzureDevops.ItemTable.Application.csproj", "{9A2C90AA-4FA1-4193-A04F-F8420A60D194}"
EndProject
Project("{9A19103F-16F7-4668-BE54-9A1E7A4F7556}") = "MiniAzureDevops.ItemTable.Persistance", "MiniAzureDevops.ItemTable.Persistance\MiniAzureDevops.ItemTable.Persistance.csproj", "{255BC812-C56A-46B2-904D-18952678B3F8}"
EndProject
Project("{9A19103F-16F7-4668-BE54-9A1E7A4F7556}") = "MiniAzureDevops.ItemTable.Api", "MiniAzureDevops.ItemTable.Api\MiniAzureDevops.ItemTable.Api.csproj", "{82294D7C-F821-4D75-84AC-0AE2FB1D5B6D}"
EndProject
Project("{9A19103F-16F7-4668-BE54-9A1E7A4F7556}") = "MiniAzureDevops.ItemTable.MongoItemPersistance", "MiniAzureDevops.ItemTable.MongoItemPersistance\MiniAzureDevops.ItemTable.MongoItemPersistance.csproj", "{DCB4BE28-CE99-422C-B197-C092273979F8}"
EndProject
Global
	GlobalSection(SolutionConfigurationPlatforms) = preSolution
		Debug|Any CPU = Debug|Any CPU
		Release|Any CPU = Release|Any CPU
	EndGlobalSection
	GlobalSection(ProjectConfigurationPlatforms) = postSolution
		{0C035AC3-F6D9-464B-BC0B-C413BB381C83}.Debug|Any CPU.ActiveCfg = Debug|Any CPU
		{0C035AC3-F6D9-464B-BC0B-C413BB381C83}.Debug|Any CPU.Build.0 = Debug|Any CPU
		{0C035AC3-F6D9-464B-BC0B-C413BB381C83}.Release|Any CPU.ActiveCfg = Release|Any CPU
		{0C035AC3-F6D9-464B-BC0B-C413BB381C83}.Release|Any CPU.Build.0 = Release|Any CPU
		{9A2C90AA-4FA1-4193-A04F-F8420A60D194}.Debug|Any CPU.ActiveCfg = Debug|Any CPU
		{9A2C90AA-4FA1-4193-A04F-F8420A60D194}.Debug|Any CPU.Build.0 = Debug|Any CPU
		{9A2C90AA-4FA1-4193-A04F-F8420A60D194}.Release|Any CPU.ActiveCfg = Release|Any CPU
		{9A2C90AA-4FA1-4193-A04F-F8420A60D194}.Release|Any CPU.Build.0 = Release|Any CPU
		{255BC812-C56A-46B2-904D-18952678B3F8}.Debug|Any CPU.ActiveCfg = Debug|Any CPU
		{255BC812-C56A-46B2-904D-18952678B3F8}.Debug|Any CPU.Build.0 = Debug|Any CPU
		{255BC812-C56A-46B2-904D-18952678B3F8}.Release|Any CPU.ActiveCfg = Release|Any CPU
		{255BC812-C56A-46B2-904D-18952678B3F8}.Release|Any CPU.Build.0 = Release|Any CPU
		{82294D7C-F821-4D75-84AC-0AE2FB1D5B6D}.Debug|Any CPU.ActiveCfg = Debug|Any CPU
		{82294D7C-F821-4D75-84AC-0AE2FB1D5B6D}.Debug|Any CPU.Build.0 = Debug|Any CPU
		{82294D7C-F821-4D75-84AC-0AE2FB1D5B6D}.Release|Any CPU.ActiveCfg = Release|Any CPU
		{82294D7C-F821-4D75-84AC-0AE2FB1D5B6D}.Release|Any CPU.Build.0 = Release|Any CPU
		{DCB4BE28-CE99-422C-B197-C092273979F8}.Debug|Any CPU.ActiveCfg = Debug|Any CPU
		{DCB4BE28-CE99-422C-B197-C092273979F8}.Debug|Any CPU.Build.0 = Debug|Any CPU
		{DCB4BE28-CE99-422C-B197-C092273979F8}.Release|Any CPU.ActiveCfg = Release|Any CPU
		{DCB4BE28-CE99-422C-B197-C092273979F8}.Release|Any CPU.Build.0 = Release|Any CPU
	EndGlobalSection
	GlobalSection(SolutionProperties) = preSolution
		HideSolutionNode = FALSE
	EndGlobalSection
	GlobalSection(NestedProjects) = preSolution
		{3A741F09-DB56-467D-925E-4577243044E0} = {3DA6CDC0-04D9-49DB-881C-99101A524E9D}
		{85353622-32A5-4009-B191-FF93CBB4B5A8} = {3DA6CDC0-04D9-49DB-881C-99101A524E9D}
		{9016FF43-5F03-411F-B027-0A4F4F17E7BC} = {3DA6CDC0-04D9-49DB-881C-99101A524E9D}
		{0C035AC3-F6D9-464B-BC0B-C413BB381C83} = {85353622-32A5-4009-B191-FF93CBB4B5A8}
		{9A2C90AA-4FA1-4193-A04F-F8420A60D194} = {85353622-32A5-4009-B191-FF93CBB4B5A8}
		{255BC812-C56A-46B2-904D-18952678B3F8} = {9016FF43-5F03-411F-B027-0A4F4F17E7BC}
		{82294D7C-F821-4D75-84AC-0AE2FB1D5B6D} = {3A741F09-DB56-467D-925E-4577243044E0}
		{DCB4BE28-CE99-422C-B197-C092273979F8} = {9016FF43-5F03-411F-B027-0A4F4F17E7BC}
	EndGlobalSection
	GlobalSection(ExtensibilityGlobals) = postSolution
		SolutionGuid = {AC3F7267-85C1-4E3D-8334-61512E043DC2}
	EndGlobalSection
EndGlobal
